
Microsoft Visual Studio Solution File, Format Version 12.00
# Visual Studio Version 16
VisualStudioVersion = 16.0.31129.286
MinimumVisualStudioVersion = 10.0.40219.1
Project("{FAE04EC0-301F-11D3-BF4B-00C04F79EFBC}") = "Trans", "Trans\Trans.csproj", "{59D8E66E-1908-4505-9353-711DFAE2C561}"
EndProject
Global
	GlobalSection(SolutionConfigurationPlatforms) = preSolution
		Debug|Any CPU = Debug|Any CPU
		Release|Any CPU = Release|Any CPU
	EndGlobalSection
	GlobalSection(ProjectConfigurationPlatforms) = postSolution
		{59D8E66E-1908-4505-9353-711DFAE2C561}.Debug|Any CPU.ActiveCfg = Debug|Any CPU
		{59D8E66E-1908-4505-9353-711DFAE2C561}.Debug|Any CPU.Build.0 = Debug|Any CPU
		{59D8E66E-1908-4505-9353-711DFAE2C561}.Release|Any CPU.ActiveCfg = Release|Any CPU
		{59D8E66E-1908-4505-9353-711DFAE2C561}.Release|Any CPU.Build.0 = Release|Any CPU
	EndGlobalSection
	GlobalSection(SolutionProperties) = preSolution
		HideSolutionNode = FALSE
	EndGlobalSection
	GlobalSection(ExtensibilityGlobals) = postSolution
		SolutionGuid = {0F242247-3186-4910-AF93-8ABF39F83A04}
	EndGlobalSection
EndGlobal
